// !$*UTF8*$!
{
	archiveVersion = 1;
	classes = {
	};
	objectVersion = 56;
	objects = {

/* Begin PBXBuildFile section */
		47A6F5AE7240356152B5C31E /* Pods_OpenInApp.framework in Frameworks */ = {isa = PBXBuildFile; fileRef = B81248D45BEC62F331BE1372 /* Pods_OpenInApp.framework */; };
		E49614182BD8760200A233AF /* MyTabBarCtrl.swift in Sources */ = {isa = PBXBuildFile; fileRef = E49614172BD8760200A233AF /* MyTabBarCtrl.swift */; };
		E496141A2BD8764200A233AF /* MyTabBar.swift in Sources */ = {isa = PBXBuildFile; fileRef = E49614192BD8764200A233AF /* MyTabBar.swift */; };
		E496141C2BD89CBD00A233AF /* InfoCollectionViewCell.swift in Sources */ = {isa = PBXBuildFile; fileRef = E496141B2BD89CBD00A233AF /* InfoCollectionViewCell.swift */; };
		E4C1D8DD2BB5B7D4001AF437 /* SSSegmentedControl.swift in Sources */ = {isa = PBXBuildFile; fileRef = E4C1D8DC2BB5B7D4001AF437 /* SSSegmentedControl.swift */; };
		E4DB91472BB554870026EA64 /* LinksTableViewCell.swift in Sources */ = {isa = PBXBuildFile; fileRef = E4DB91462BB554870026EA64 /* LinksTableViewCell.swift */; };
		E4DB91492BB59A9E0026EA64 /* CustomToastView.swift in Sources */ = {isa = PBXBuildFile; fileRef = E4DB91482BB59A9E0026EA64 /* CustomToastView.swift */; };
		E4FF04882BB4A2FA00310D03 /* AppDelegate.swift in Sources */ = {isa = PBXBuildFile; fileRef = E4FF04872BB4A2FA00310D03 /* AppDelegate.swift */; };
		E4FF048A2BB4A2FA00310D03 /* SceneDelegate.swift in Sources */ = {isa = PBXBuildFile; fileRef = E4FF04892BB4A2FA00310D03 /* SceneDelegate.swift */; };
		E4FF048C2BB4A2FA00310D03 /* ViewController.swift in Sources */ = {isa = PBXBuildFile; fileRef = E4FF048B2BB4A2FA00310D03 /* ViewController.swift */; };
		E4FF048F2BB4A2FA00310D03 /* Main.storyboard in Resources */ = {isa = PBXBuildFile; fileRef = E4FF048D2BB4A2FA00310D03 /* Main.storyboard */; };
		E4FF04912BB4A2FC00310D03 /* Assets.xcassets in Resources */ = {isa = PBXBuildFile; fileRef = E4FF04902BB4A2FC00310D03 /* Assets.xcassets */; };
		E4FF04942BB4A2FC00310D03 /* LaunchScreen.storyboard in Resources */ = {isa = PBXBuildFile; fileRef = E4FF04922BB4A2FC00310D03 /* LaunchScreen.storyboard */; };
		E4FF049C2BB4B48500310D03 /* LineChartView.swift in Sources */ = {isa = PBXBuildFile; fileRef = E4FF049B2BB4B48500310D03 /* LineChartView.swift */; };
/* End PBXBuildFile section */

/* Begin PBXFileReference section */
		2DD11CD18821F3C2BB65A8CA /* Pods-OpenInApp.release.xcconfig */ = {isa = PBXFileReference; includeInIndex = 1; lastKnownFileType = text.xcconfig; name = "Pods-OpenInApp.release.xcconfig"; path = "Target Support Files/Pods-OpenInApp/Pods-OpenInApp.release.xcconfig"; sourceTree = "<group>"; };
		47AF843D804E77D082A60AB1 /* Pods-OpenInApp.debug.xcconfig */ = {isa = PBXFileReference; includeInIndex = 1; lastKnownFileType = text.xcconfig; name = "Pods-OpenInApp.debug.xcconfig"; path = "Target Support Files/Pods-OpenInApp/Pods-OpenInApp.debug.xcconfig"; sourceTree = "<group>"; };
		B81248D45BEC62F331BE1372 /* Pods_OpenInApp.framework */ = {isa = PBXFileReference; explicitFileType = wrapper.framework; includeInIndex = 0; path = Pods_OpenInApp.framework; sourceTree = BUILT_PRODUCTS_DIR; };
		E49614172BD8760200A233AF /* MyTabBarCtrl.swift */ = {isa = PBXFileReference; lastKnownFileType = sourcecode.swift; path = MyTabBarCtrl.swift; sourceTree = "<group>"; };
		E49614192BD8764200A233AF /* MyTabBar.swift */ = {isa = PBXFileReference; lastKnownFileType = sourcecode.swift; path = MyTabBar.swift; sourceTree = "<group>"; };
		E496141B2BD89CBD00A233AF /* InfoCollectionViewCell.swift */ = {isa = PBXFileReference; lastKnownFileType = sourcecode.swift; path = InfoCollectionViewCell.swift; sourceTree = "<group>"; };
		E4C1D8DC2BB5B7D4001AF437 /* SSSegmentedControl.swift */ = {isa = PBXFileReference; lastKnownFileType = sourcecode.swift; path = SSSegmentedControl.swift; sourceTree = "<group>"; };
		E4DB91462BB554870026EA64 /* LinksTableViewCell.swift */ = {isa = PBXFileReference; lastKnownFileType = sourcecode.swift; path = LinksTableViewCell.swift; sourceTree = "<group>"; };
		E4DB91482BB59A9E0026EA64 /* CustomToastView.swift */ = {isa = PBXFileReference; lastKnownFileType = sourcecode.swift; path = CustomToastView.swift; sourceTree = "<group>"; };
		E4FF04842BB4A2FA00310D03 /* OpenInApp.app */ = {isa = PBXFileReference; explicitFileType = wrapper.application; includeInIndex = 0; path = OpenInApp.app; sourceTree = BUILT_PRODUCTS_DIR; };
		E4FF04872BB4A2FA00310D03 /* AppDelegate.swift */ = {isa = PBXFileReference; lastKnownFileType = sourcecode.swift; path = AppDelegate.swift; sourceTree = "<group>"; };
		E4FF04892BB4A2FA00310D03 /* SceneDelegate.swift */ = {isa = PBXFileReference; lastKnownFileType = sourcecode.swift; path = SceneDelegate.swift; sourceTree = "<group>"; };
		E4FF048B2BB4A2FA00310D03 /* ViewController.swift */ = {isa = PBXFileReference; lastKnownFileType = sourcecode.swift; path = ViewController.swift; sourceTree = "<group>"; };
		E4FF048E2BB4A2FA00310D03 /* Base */ = {isa = PBXFileReference; lastKnownFileType = file.storyboard; name = Base; path = Base.lproj/Main.storyboard; sourceTree = "<group>"; };
		E4FF04902BB4A2FC00310D03 /* Assets.xcassets */ = {isa = PBXFileReference; lastKnownFileType = folder.assetcatalog; path = Assets.xcassets; sourceTree = "<group>"; };
		E4FF04932BB4A2FC00310D03 /* Base */ = {isa = PBXFileReference; lastKnownFileType = file.storyboard; name = Base; path = Base.lproj/LaunchScreen.storyboard; sourceTree = "<group>"; };
		E4FF04952BB4A2FC00310D03 /* Info.plist */ = {isa = PBXFileReference; lastKnownFileType = text.plist.xml; path = Info.plist; sourceTree = "<group>"; };
		E4FF049B2BB4B48500310D03 /* LineChartView.swift */ = {isa = PBXFileReference; lastKnownFileType = sourcecode.swift; path = LineChartView.swift; sourceTree = "<group>"; };
/* End PBXFileReference section */

/* Begin PBXFrameworksBuildPhase section */
		E4FF04812BB4A2FA00310D03 /* Frameworks */ = {
			isa = PBXFrameworksBuildPhase;
			buildActionMask = 2147483647;
			files = (
				47A6F5AE7240356152B5C31E /* Pods_OpenInApp.framework in Frameworks */,
			);
			runOnlyForDeploymentPostprocessing = 0;
		};
/* End PBXFrameworksBuildPhase section */

/* Begin PBXGroup section */
		353FC71F7ACBBB405BE0BFDC /* Frameworks */ = {
			isa = PBXGroup;
			children = (
				B81248D45BEC62F331BE1372 /* Pods_OpenInApp.framework */,
			);
			name = Frameworks;
			sourceTree = "<group>";
		};
		CC51E1FB97E603E4099CDEE6 /* Pods */ = {
			isa = PBXGroup;
			children = (
				47AF843D804E77D082A60AB1 /* Pods-OpenInApp.debug.xcconfig */,
				2DD11CD18821F3C2BB65A8CA /* Pods-OpenInApp.release.xcconfig */,
			);
			path = Pods;
			sourceTree = "<group>";
		};
		E4FF047B2BB4A2FA00310D03 = {
			isa = PBXGroup;
			children = (
				E4FF04862BB4A2FA00310D03 /* OpenInApp */,
				E4FF04852BB4A2FA00310D03 /* Products */,
				CC51E1FB97E603E4099CDEE6 /* Pods */,
				353FC71F7ACBBB405BE0BFDC /* Frameworks */,
			);
			sourceTree = "<group>";
		};
		E4FF04852BB4A2FA00310D03 /* Products */ = {
			isa = PBXGroup;
			children = (
				E4FF04842BB4A2FA00310D03 /* OpenInApp.app */,
			);
			name = Products;
			sourceTree = "<group>";
		};
		E4FF04862BB4A2FA00310D03 /* OpenInApp */ = {
			isa = PBXGroup;
			children = (
				E4FF04872BB4A2FA00310D03 /* AppDelegate.swift */,
				E4FF04892BB4A2FA00310D03 /* SceneDelegate.swift */,
				E4FF048B2BB4A2FA00310D03 /* ViewController.swift */,
				E4FF048D2BB4A2FA00310D03 /* Main.storyboard */,
				E4FF04902BB4A2FC00310D03 /* Assets.xcassets */,
				E4FF04922BB4A2FC00310D03 /* LaunchScreen.storyboard */,
				E4FF04952BB4A2FC00310D03 /* Info.plist */,
				E4FF049B2BB4B48500310D03 /* LineChartView.swift */,
				E4DB91462BB554870026EA64 /* LinksTableViewCell.swift */,
				E4DB91482BB59A9E0026EA64 /* CustomToastView.swift */,
				E4C1D8DC2BB5B7D4001AF437 /* SSSegmentedControl.swift */,
				E49614172BD8760200A233AF /* MyTabBarCtrl.swift */,
				E49614192BD8764200A233AF /* MyTabBar.swift */,
				E496141B2BD89CBD00A233AF /* InfoCollectionViewCell.swift */,
			);
			path = OpenInApp;
			sourceTree = "<group>";
		};
/* End PBXGroup section */

/* Begin PBXNativeTarget section */
		E4FF04832BB4A2FA00310D03 /* OpenInApp */ = {
			isa = PBXNativeTarget;
			buildConfigurationList = E4FF04982BB4A2FC00310D03 /* Build configuration list for PBXNativeTarget "OpenInApp" */;
			buildPhases = (
				D2D26A2C02BAE35D227DA891 /* [CP] Check Pods Manifest.lock */,
				E4FF04802BB4A2FA00310D03 /* Sources */,
				E4FF04812BB4A2FA00310D03 /* Frameworks */,
				E4FF04822BB4A2FA00310D03 /* Resources */,
				BD3C1623DC3C5E23FCA696ED /* [CP] Embed Pods Frameworks */,
			);
			buildRules = (
			);
			dependencies = (
			);
			name = OpenInApp;
			productName = OpenInApp;
			productReference = E4FF04842BB4A2FA00310D03 /* OpenInApp.app */;
			productType = "com.apple.product-type.application";
		};
/* End PBXNativeTarget section */

/* Begin PBXProject section */
		E4FF047C2BB4A2FA00310D03 /* Project object */ = {
			isa = PBXProject;
			attributes = {
				BuildIndependentTargetsInParallel = 1;
				LastSwiftUpdateCheck = 1500;
				LastUpgradeCheck = 1500;
				TargetAttributes = {
					E4FF04832BB4A2FA00310D03 = {
						CreatedOnToolsVersion = 15.0.1;
					};
				};
			};
			buildConfigurationList = E4FF047F2BB4A2FA00310D03 /* Build configuration list for PBXProject "OpenInApp" */;
			compatibilityVersion = "Xcode 14.0";
			developmentRegion = en;
			hasScannedForEncodings = 0;
			knownRegions = (
				en,
				Base,
			);
			mainGroup = E4FF047B2BB4A2FA00310D03;
			productRefGroup = E4FF04852BB4A2FA00310D03 /* Products */;
			projectDirPath = "";
			projectRoot = "";
			targets = (
				E4FF04832BB4A2FA00310D03 /* OpenInApp */,
			);
		};
/* End PBXProject section */

/* Begin PBXResourcesBuildPhase section */
		E4FF04822BB4A2FA00310D03 /* Resources */ = {
			isa = PBXResourcesBuildPhase;
			buildActionMask = 2147483647;
			files = (
				E4FF04942BB4A2FC00310D03 /* LaunchScreen.storyboard in Resources */,
				E4FF04912BB4A2FC00310D03 /* Assets.xcassets in Resources */,
				E4FF048F2BB4A2FA00310D03 /* Main.storyboard in Resources */,
			);
			runOnlyForDeploymentPostprocessing = 0;
		};
/* End PBXResourcesBuildPhase section */

/* Begin PBXShellScriptBuildPhase section */
		BD3C1623DC3C5E23FCA696ED /* [CP] Embed Pods Frameworks */ = {
			isa = PBXShellScriptBuildPhase;
			buildActionMask = 2147483647;
			files = (
			);
			inputFileListPaths = (
				"${PODS_ROOT}/Target Support Files/Pods-OpenInApp/Pods-OpenInApp-frameworks-${CONFIGURATION}-input-files.xcfilelist",
			);
			name = "[CP] Embed Pods Frameworks";
			outputFileListPaths = (
				"${PODS_ROOT}/Target Support Files/Pods-OpenInApp/Pods-OpenInApp-frameworks-${CONFIGURATION}-output-files.xcfilelist",
			);
			runOnlyForDeploymentPostprocessing = 0;
			shellPath = /bin/sh;
			shellScript = "\"${PODS_ROOT}/Target Support Files/Pods-OpenInApp/Pods-OpenInApp-frameworks.sh\"\n";
			showEnvVarsInLog = 0;
		};
		D2D26A2C02BAE35D227DA891 /* [CP] Check Pods Manifest.lock */ = {
			isa = PBXShellScriptBuildPhase;
			buildActionMask = 2147483647;
			files = (
			);
			inputFileListPaths = (
			);
			inputPaths = (
				"${PODS_PODFILE_DIR_PATH}/Podfile.lock",
				"${PODS_ROOT}/Manifest.lock",
			);
			name = "[CP] Check Pods Manifest.lock";
			outputFileListPaths = (
			);
			outputPaths = (
				"$(DERIVED_FILE_DIR)/Pods-OpenInApp-checkManifestLockResult.txt",
			);
			runOnlyForDeploymentPostprocessing = 0;
			shellPath = /bin/sh;
			shellScript = "diff \"${PODS_PODFILE_DIR_PATH}/Podfile.lock\" \"${PODS_ROOT}/Manifest.lock\" > /dev/null\nif [ $? != 0 ] ; then\n    # print error to STDERR\n    echo \"error: The sandbox is not in sync with the Podfile.lock. Run 'pod install' or update your CocoaPods installation.\" >&2\n    exit 1\nfi\n# This output is used by Xcode 'outputs' to avoid re-running this script phase.\necho \"SUCCESS\" > \"${SCRIPT_OUTPUT_FILE_0}\"\n";
			showEnvVarsInLog = 0;
		};
/* End PBXShellScriptBuildPhase section */

/* Begin PBXSourcesBuildPhase section */
		E4FF04802BB4A2FA00310D03 /* Sources */ = {
			isa = PBXSourcesBuildPhase;
			buildActionMask = 2147483647;
			files = (
				E496141C2BD89CBD00A233AF /* InfoCollectionViewCell.swift in Sources */,
				E4DB91472BB554870026EA64 /* LinksTableViewCell.swift in Sources */,
				E4FF048C2BB4A2FA00310D03 /* ViewController.swift in Sources */,
				E4FF04882BB4A2FA00310D03 /* AppDelegate.swift in Sources */,
				E4FF048A2BB4A2FA00310D03 /* SceneDelegate.swift in Sources */,
				E49614182BD8760200A233AF /* MyTabBarCtrl.swift in Sources */,
				E496141A2BD8764200A233AF /* MyTabBar.swift in Sources */,
				E4FF049C2BB4B48500310D03 /* LineChartView.swift in Sources */,
				E4C1D8DD2BB5B7D4001AF437 /* SSSegmentedControl.swift in Sources */,
				E4DB91492BB59A9E0026EA64 /* CustomToastView.swift in Sources */,
			);
			runOnlyForDeploymentPostprocessing = 0;
		};
/* End PBXSourcesBuildPhase section */

/* Begin PBXVariantGroup section */
		E4FF048D2BB4A2FA00310D03 /* Main.storyboard */ = {
			isa = PBXVariantGroup;
			children = (
				E4FF048E2BB4A2FA00310D03 /* Base */,
			);
			name = Main.storyboard;
			sourceTree = "<group>";
		};
		E4FF04922BB4A2FC00310D03 /* LaunchScreen.storyboard */ = {
			isa = PBXVariantGroup;
			children = (
				E4FF04932BB4A2FC00310D03 /* Base */,
			);
			name = LaunchScreen.storyboard;
			sourceTree = "<group>";
		};
/* End PBXVariantGroup section */

/* Begin XCBuildConfiguration section */
		E4FF04962BB4A2FC00310D03 /* Debug */ = {
			isa = XCBuildConfiguration;
			buildSettings = {
				ALWAYS_SEARCH_USER_PATHS = NO;
				ASSETCATALOG_COMPILER_GENERATE_SWIFT_ASSET_SYMBOL_EXTENSIONS = YES;
				CLANG_ANALYZER_NONNULL = YES;
				CLANG_ANALYZER_NUMBER_OBJECT_CONVERSION = YES_AGGRESSIVE;
				CLANG_CXX_LANGUAGE_STANDARD = "gnu++20";
				CLANG_ENABLE_MODULES = YES;
				CLANG_ENABLE_OBJC_ARC = YES;
				CLANG_ENABLE_OBJC_WEAK = YES;
				CLANG_WARN_BLOCK_CAPTURE_AUTORELEASING = YES;
				CLANG_WARN_BOOL_CONVERSION = YES;
				CLANG_WARN_COMMA = YES;
				CLANG_WARN_CONSTANT_CONVERSION = YES;
				CLANG_WARN_DEPRECATED_OBJC_IMPLEMENTATIONS = YES;
				CLANG_WARN_DIRECT_OBJC_ISA_USAGE = YES_ERROR;
				CLANG_WARN_DOCUMENTATION_COMMENTS = YES;
				CLANG_WARN_EMPTY_BODY = YES;
				CLANG_WARN_ENUM_CONVERSION = YES;
				CLANG_WARN_INFINITE_RECURSION = YES;
				CLANG_WARN_INT_CONVERSION = YES;
				CLANG_WARN_NON_LITERAL_NULL_CONVERSION = YES;
				CLANG_WARN_OBJC_IMPLICIT_RETAIN_SELF = YES;
				CLANG_WARN_OBJC_LITERAL_CONVERSION = YES;
				CLANG_WARN_OBJC_ROOT_CLASS = YES_ERROR;
				CLANG_WARN_QUOTED_INCLUDE_IN_FRAMEWORK_HEADER = YES;
				CLANG_WARN_RANGE_LOOP_ANALYSIS = YES;
				CLANG_WARN_STRICT_PROTOTYPES = YES;
				CLANG_WARN_SUSPICIOUS_MOVE = YES;
				CLANG_WARN_UNGUARDED_AVAILABILITY = YES_AGGRESSIVE;
				CLANG_WARN_UNREACHABLE_CODE = YES;
				CLANG_WARN__DUPLICATE_METHOD_MATCH = YES;
				COPY_PHASE_STRIP = NO;
				DEBUG_INFORMATION_FORMAT = dwarf;
				ENABLE_STRICT_OBJC_MSGSEND = YES;
				ENABLE_TESTABILITY = YES;
				ENABLE_USER_SCRIPT_SANDBOXING = YES;
				GCC_C_LANGUAGE_STANDARD = gnu17;
				GCC_DYNAMIC_NO_PIC = NO;
				GCC_NO_COMMON_BLOCKS = YES;
				GCC_OPTIMIZATION_LEVEL = 0;
				GCC_PREPROCESSOR_DEFINITIONS = (
					"DEBUG=1",
					"$(inherited)",
				);
				GCC_WARN_64_TO_32_BIT_CONVERSION = YES;
				GCC_WARN_ABOUT_RETURN_TYPE = YES_ERROR;
				GCC_WARN_UNDECLARED_SELECTOR = YES;
				GCC_WARN_UNINITIALIZED_AUTOS = YES_AGGRESSIVE;
				GCC_WARN_UNUSED_FUNCTION = YES;
				GCC_WARN_UNUSED_VARIABLE = YES;
				IPHONEOS_DEPLOYMENT_TARGET = 17.0;
				LOCALIZATION_PREFERS_STRING_CATALOGS = YES;
				MTL_ENABLE_DEBUG_INFO = INCLUDE_SOURCE;
				MTL_FAST_MATH = YES;
				ONLY_ACTIVE_ARCH = YES;
				SDKROOT = iphoneos;
				SWIFT_ACTIVE_COMPILATION_CONDITIONS = "DEBUG $(inherited)";
				SWIFT_OPTIMIZATION_LEVEL = "-Onone";
			};
			name = Debug;
		};
		E4FF04972BB4A2FC00310D03 /* Release */ = {
			isa = XCBuildConfiguration;
			buildSettings = {
				ALWAYS_SEARCH_USER_PATHS = NO;
				ASSETCATALOG_COMPILER_GENERATE_SWIFT_ASSET_SYMBOL_EXTENSIONS = YES;
				CLANG_ANALYZER_NONNULL = YES;
				CLANG_ANALYZER_NUMBER_OBJECT_CONVERSION = YES_AGGRESSIVE;
				CLANG_CXX_LANGUAGE_STANDARD = "gnu++20";
				CLANG_ENABLE_MODULES = YES;
				CLANG_ENABLE_OBJC_ARC = YES;
				CLANG_ENABLE_OBJC_WEAK = YES;
				CLANG_WARN_BLOCK_CAPTURE_AUTORELEASING = YES;
				CLANG_WARN_BOOL_CONVERSION = YES;
				CLANG_WARN_COMMA = YES;
				CLANG_WARN_CONSTANT_CONVERSION = YES;
				CLANG_WARN_DEPRECATED_OBJC_IMPLEMENTATIONS = YES;
				CLANG_WARN_DIRECT_OBJC_ISA_USAGE = YES_ERROR;
				CLANG_WARN_DOCUMENTATION_COMMENTS = YES;
				CLANG_WARN_EMPTY_BODY = YES;
				CLANG_WARN_ENUM_CONVERSION = YES;
				CLANG_WARN_INFINITE_RECURSION = YES;
				CLANG_WARN_INT_CONVERSION = YES;
				CLANG_WARN_NON_LITERAL_NULL_CONVERSION = YES;
				CLANG_WARN_OBJC_IMPLICIT_RETAIN_SELF = YES;
				CLANG_WARN_OBJC_LITERAL_CONVERSION = YES;
				CLANG_WARN_OBJC_ROOT_CLASS = YES_ERROR;
				CLANG_WARN_QUOTED_INCLUDE_IN_FRAMEWORK_HEADER = YES;
				CLANG_WARN_RANGE_LOOP_ANALYSIS = YES;
				CLANG_WARN_STRICT_PROTOTYPES = YES;
				CLANG_WARN_SUSPICIOUS_MOVE = YES;
				CLANG_WARN_UNGUARDED_AVAILABILITY = YES_AGGRESSIVE;
				CLANG_WARN_UNREACHABLE_CODE = YES;
				CLANG_WARN__DUPLICATE_METHOD_MATCH = YES;
				COPY_PHASE_STRIP = NO;
				DEBUG_INFORMATION_FORMAT = "dwarf-with-dsym";
				ENABLE_NS_ASSERTIONS = NO;
				ENABLE_STRICT_OBJC_MSGSEND = YES;
				ENABLE_USER_SCRIPT_SANDBOXING = YES;
				GCC_C_LANGUAGE_STANDARD = gnu17;
				GCC_NO_COMMON_BLOCKS = YES;
				GCC_WARN_64_TO_32_BIT_CONVERSION = YES;
				GCC_WARN_ABOUT_RETURN_TYPE = YES_ERROR;
				GCC_WARN_UNDECLARED_SELECTOR = YES;
				GCC_WARN_UNINITIALIZED_AUTOS = YES_AGGRESSIVE;
				GCC_WARN_UNUSED_FUNCTION = YES;
				GCC_WARN_UNUSED_VARIABLE = YES;
				IPHONEOS_DEPLOYMENT_TARGET = 17.0;
				LOCALIZATION_PREFERS_STRING_CATALOGS = YES;
				MTL_ENABLE_DEBUG_INFO = NO;
				MTL_FAST_MATH = YES;
				SDKROOT = iphoneos;
				SWIFT_COMPILATION_MODE = wholemodule;
				VALIDATE_PRODUCT = YES;
			};
			name = Release;
		};
		E4FF04992BB4A2FC00310D03 /* Debug */ = {
			isa = XCBuildConfiguration;
			baseConfigurationReference = 47AF843D804E77D082A60AB1 /* Pods-OpenInApp.debug.xcconfig */;
			buildSettings = {
				ASSETCATALOG_COMPILER_APPICON_NAME = AppIcon;
				ASSETCATALOG_COMPILER_GLOBAL_ACCENT_COLOR_NAME = AccentColor;
				CODE_SIGN_STYLE = Automatic;
				CURRENT_PROJECT_VERSION = 1;
				DEVELOPMENT_TEAM = ZGKKSZ3AFP;
				ENABLE_USER_SCRIPT_SANDBOXING = NO;
				GENERATE_INFOPLIST_FILE = YES;
				INFOPLIST_FILE = OpenInApp/Info.plist;
				INFOPLIST_KEY_UIApplicationSupportsIndirectInputEvents = YES;
				INFOPLIST_KEY_UILaunchStoryboardName = LaunchScreen;
				INFOPLIST_KEY_UIMainStoryboardFile = Main;
				INFOPLIST_KEY_UISupportedInterfaceOrientations_iPad = "UIInterfaceOrientationPortrait UIInterfaceOrientationPortraitUpsideDown UIInterfaceOrientationLandscapeLeft UIInterfaceOrientationLandscapeRight";
				INFOPLIST_KEY_UISupportedInterfaceOrientations_iPhone = "UIInterfaceOrientationPortrait UIInterfaceOrientationLandscapeLeft UIInterfaceOrientationLandscapeRight";
				IPHONEOS_DEPLOYMENT_TARGET = 13.0;
				LD_RUNPATH_SEARCH_PATHS = (
					"$(inherited)",
					"@executable_path/Frameworks",
				);
				MARKETING_VERSION = 1.0;
				PRODUCT_BUNDLE_IDENTIFIER = com.openInApp.Proto.OpenInApp;
				PRODUCT_NAME = "$(TARGET_NAME)";
				SWIFT_EMIT_LOC_STRINGS = YES;
				SWIFT_VERSION = 5.0;
				TARGETED_DEVICE_FAMILY = "1,2";
			};
			name = Debug;
		};
		E4FF049A2BB4A2FC00310D03 /* Release */ = {
			isa = XCBuildConfiguration;
			baseConfigurationReference = 2DD11CD18821F3C2BB65A8CA /* Pods-OpenInApp.release.xcconfig */;
			buildSettings = {
				ASSETCATALOG_COMPILER_APPICON_NAME = AppIcon;
				ASSETCATALOG_COMPILER_GLOBAL_ACCENT_COLOR_NAME = AccentColor;
				CODE_SIGN_STYLE = Automatic;
				CURRENT_PROJECT_VERSION = 1;
				DEVELOPMENT_TEAM = ZGKKSZ3AFP;
				ENABLE_USER_SCRIPT_SANDBOXING = NO;
				GENERATE_INFOPLIST_FILE = YES;
				INFOPLIST_FILE = OpenInApp/Info.plist;
				INFOPLIST_KEY_UIApplicationSupportsIndirectInputEvents = YES;
				INFOPLIST_KEY_UILaunchStoryboardName = LaunchScreen;
				INFOPLIST_KEY_UIMainStoryboardFile = Main;
				INFOPLIST_KEY_UISupportedInterfaceOrientations_iPad = "UIInterfaceOrientationPortrait UIInterfaceOrientationPortraitUpsideDown UIInterfaceOrientationLandscapeLeft UIInterfaceOrientationLandscapeRight";
				INFOPLIST_KEY_UISupportedInterfaceOrientations_iPhone = "UIInterfaceOrientationPortrait UIInterfaceOrientationLandscapeLeft UIInterfaceOrientationLandscapeRight";
				IPHONEOS_DEPLOYMENT_TARGET = 13.0;
				LD_RUNPATH_SEARCH_PATHS = (
					"$(inherited)",
					"@executable_path/Frameworks",
				);
				MARKETING_VERSION = 1.0;
				PRODUCT_BUNDLE_IDENTIFIER = com.openInApp.Proto.OpenInApp;
				PRODUCT_NAME = "$(TARGET_NAME)";
				SWIFT_EMIT_LOC_STRINGS = YES;
				SWIFT_VERSION = 5.0;
				TARGETED_DEVICE_FAMILY = "1,2";
			};
			name = Release;
		};
/* End XCBuildConfiguration section */

/* Begin XCConfigurationList section */
		E4FF047F2BB4A2FA00310D03 /* Build configuration list for PBXProject "OpenInApp" */ = {
			isa = XCConfigurationList;
			buildConfigurations = (
				E4FF04962BB4A2FC00310D03 /* Debug */,
				E4FF04972BB4A2FC00310D03 /* Release */,
			);
			defaultConfigurationIsVisible = 0;
			defaultConfigurationName = Release;
		};
		E4FF04982BB4A2FC00310D03 /* Build configuration list for PBXNativeTarget "OpenInApp" */ = {
			isa = XCConfigurationList;
			buildConfigurations = (
				E4FF04992BB4A2FC00310D03 /* Debug */,
				E4FF049A2BB4A2FC00310D03 /* Release */,
			);
			defaultConfigurationIsVisible = 0;
			defaultConfigurationName = Release;
		};
/* End XCConfigurationList section */
	};
	rootObject = E4FF047C2BB4A2FA00310D03 /* Project object */;
}
